
Microsoft Visual Studio Solution File, Format Version 12.00
# Visual Studio Version 17
VisualStudioVersion = 17.7.34221.43
MinimumVisualStudioVersion = 10.0.40219.1
Project("{9A19103F-16F7-4668-BE54-9A1E7A4F7556}") = "Audio", "Audio\Audio.csproj", "{0B7C13D0-CF30-47B4-BE1A-B09DADBA91FE}"
EndProject
Project("{9A19103F-16F7-4668-BE54-9A1E7A4F7556}") = "Audio.CLI", "Audio.CLI\Audio.CLI.csproj", "{ECEA0196-0C59-4587-84D9-447A095EAFB6}"
EndProject
Global
	GlobalSection(SolutionConfigurationPlatforms) = preSolution
		Debug|Any CPU = Debug|Any CPU
		Release|Any CPU = Release|Any CPU
	EndGlobalSection
	GlobalSection(ProjectConfigurationPlatforms) = postSolution
		{0B7C13D0-CF30-47B4-BE1A-B09DADBA91FE}.Debug|Any CPU.ActiveCfg = Debug|Any CPU
		{0B7C13D0-CF30-47B4-BE1A-B09DADBA91FE}.Debug|Any CPU.Build.0 = Debug|Any CPU
		{0B7C13D0-CF30-47B4-BE1A-B09DADBA91FE}.Release|Any CPU.ActiveCfg = Release|Any CPU
		{0B7C13D0-CF30-47B4-BE1A-B09DADBA91FE}.Release|Any CPU.Build.0 = Release|Any CPU
		{ECEA0196-0C59-4587-84D9-447A095EAFB6}.Debug|Any CPU.ActiveCfg = Debug|Any CPU
		{ECEA0196-0C59-4587-84D9-447A095EAFB6}.Debug|Any CPU.Build.0 = Debug|Any CPU
		{ECEA0196-0C59-4587-84D9-447A095EAFB6}.Release|Any CPU.ActiveCfg = Release|Any CPU
		{ECEA0196-0C59-4587-84D9-447A095EAFB6}.Release|Any CPU.Build.0 = Release|Any CPU
	EndGlobalSection
	GlobalSection(SolutionProperties) = preSolution
		HideSolutionNode = FALSE
	EndGlobalSection
	GlobalSection(ExtensibilityGlobals) = postSolution
		SolutionGuid = {10B47EE5-CAE8-4724-8B3D-87BC404A93DD}
	EndGlobalSection
EndGlobal
